{
  "name": "looom-renderer",
  "version": "1.0.0",
  "lockfileVersion": 1,
  "requires": true,
  "dependencies": {
    "abs-svg-path": {
      "version": "0.1.1",
      "resolved": "https://registry.npmjs.org/abs-svg-path/-/abs-svg-path-0.1.1.tgz",
      "integrity": "sha1-32Acjo0roQ1KdtYl4japo5wnI78=",
      "dev": true
    },
    "adaptive-bezier-curve": {
      "version": "1.0.3",
      "resolved": "https://registry.npmjs.org/adaptive-bezier-curve/-/adaptive-bezier-curve-1.0.3.tgz",
      "integrity": "sha1-R3V3q+h9coDUbKQWSfbCJkb+gic=",
      "dev": true
    },
    "almost-equal": {
      "version": "1.1.0",
      "resolved": "https://registry.npmjs.org/almost-equal/-/almost-equal-1.1.0.tgz",
      "integrity": "sha1-+FHGMROHV5lCdqou++jfowZszN0=",
      "dev": true
    },
    "an-array": {
      "version": "1.0.0",
      "resolved": "https://registry.npmjs.org/an-array/-/an-array-1.0.0.tgz",
      "integrity": "sha1-wSWlu4JXd4419LT2qpx9D6nkJmU=",
      "dev": true
    },
    "array-almost-equal": {
      "version": "1.0.0",
      "resolved": "https://registry.npmjs.org/array-almost-equal/-/array-almost-equal-1.0.0.tgz",
      "integrity": "sha1-Q8VP9DUELpy/pCEqxJraX8c1n8U=",
      "dev": true,
      "requires": {
        "almost-equal": "0.0.0",
        "an-array": "^1.0.0"
      },
      "dependencies": {
        "almost-equal": {
          "version": "0.0.0",
          "resolved": "https://registry.npmjs.org/almost-equal/-/almost-equal-0.0.0.tgz",
          "integrity": "sha1-56Wms0V7Z8g+4ARPmo0HY3NV8C0=",
          "dev": true
        }
      }
    },
    "call-bind": {
      "version": "1.0.2",
      "resolved": "https://registry.npmjs.org/call-bind/-/call-bind-1.0.2.tgz",
      "integrity": "sha512-7O+FbCihrB5WGbFYesctwmTKae6rOiIzmz1icreWJ+0aA7LJfuqhEso2T9ncpcFtzMQtzXf2QGGueWJGTYsqrA==",
      "requires": {
        "function-bind": "^1.1.1",
        "get-intrinsic": "^1.0.2"
      }
    },
    "camelcase": {
      "version": "6.2.0",
      "resolved": "https://registry.npmjs.org/camelcase/-/camelcase-6.2.0.tgz",
      "integrity": "sha512-c7wVvbw3f37nuobQNtgsgG9POC9qMbNuMQmTCqZv23b6MIz0fcYpBiOlv9gEN/hdLdnZTDQhg6e9Dq5M1vKvfg=="
    },
    "canvas-sketch": {
      "version": "0.7.4",
      "resolved": "https://registry.npmjs.org/canvas-sketch/-/canvas-sketch-0.7.4.tgz",
      "integrity": "sha512-CSmzohS6PXFctDnPmNU0r4Mj9AGXsaOZciZv5Bh1Cb0lhIDaaAXsTkQKFrY1HzhUfNWwqoXUcjwcXAIWKdCxTA==",
      "requires": {
        "convert-length": "^1.0.1",
        "dateformat": "^3.0.3",
        "deep-equal": "^1.0.1",
        "get-canvas-context": "^1.0.2",
        "is-class": "0.0.5",
        "is-dom": "^1.0.9",
        "is-promise": "^2.1.0",
        "object-assign": "^4.1.1",
        "pad-left": "^2.1.0",
        "right-now": "^1.0.0"
      }
    },
    "canvas-sketch-util": {
      "version": "1.10.0",
      "resolved": "https://registry.npmjs.org/canvas-sketch-util/-/canvas-sketch-util-1.10.0.tgz",
      "integrity": "sha512-IiJWEQDBinl6KZVLYcdp79ZJXXKsS1HuDUoWtwWh0NJMVUA6jaM0pxcBRYiaujBXjQFPT91pl8L9iFFmma3+zA==",
      "dev": true,
      "requires": {
        "abs-svg-path": "^0.1.1",
        "almost-equal": "^1.1.0",
        "array-almost-equal": "^1.0.0",
        "clone": "^2.1.2",
        "color-luminance": "^2.1.0",
        "convert-length": "^1.0.1",
        "d3-path": "^1.0.8",
        "defined": "^1.0.0",
        "float-hsl2rgb": "^1.0.2",
        "float-rgb2hsl": "^1.0.1",
        "lineclip": "^1.1.5",
        "normalize-svg-path": "^1.0.1",
        "parse-color": "^1.0.0",
        "parse-svg-path": "^0.1.2",
        "primitive-quad": "^2.0.0",
        "regl": "^1.3.7",
        "seed-random": "^2.2.0",
        "simplex-noise": "^2.4.0",
        "svg-path-contours": "^2.0.0"
      }
    },
    "chromotome": {
      "version": "1.19.1",
      "resolved": "https://registry.npmjs.org/chromotome/-/chromotome-1.19.1.tgz",
      "integrity": "sha512-fvV9avTNmiftGyOHSBzVi7N92KrXRXpbsWOi3k4lXBFaHccG82x/3+QHOMV+n4zrXNwxu2ZgzoZDHUl4ed8fQA==",
      "dev": true
    },
    "clone": {
      "version": "2.1.2",
      "resolved": "https://registry.npmjs.org/clone/-/clone-2.1.2.tgz",
      "integrity": "sha1-G39Ln1kfHo+DZwQBYANFoCiHQ18=",
      "dev": true
    },
    "color-convert": {
      "version": "0.5.3",
      "resolved": "https://registry.npmjs.org/color-convert/-/color-convert-0.5.3.tgz",
      "integrity": "sha1-vbbGnOZg+t/+CwAHzER+G59ygr0=",
      "dev": true
    },
    "color-luminance": {
      "version": "2.1.0",
      "resolved": "https://registry.npmjs.org/color-luminance/-/color-luminance-2.1.0.tgz",
      "integrity": "sha1-WP8uvTK1LQf1N47v5aDnnWsxitc=",
      "dev": true
    },
    "convert-length": {
      "version": "1.0.1",
      "resolved": "https://registry.npmjs.org/convert-length/-/convert-length-1.0.1.tgz",
      "integrity": "sha512-w94Vge3sck6J1NHuA0du367/JTbj1zfjTapX7ixR2W+KlU4zb+NRTbou3x9nTpm5vlcXmjoaUJQpVN9pULCdxQ==",
      "requires": {
        "defined": "^1.0.0"
      }
    },
    "css-transform-to-mat4": {
      "version": "1.0.4",
      "resolved": "https://registry.npmjs.org/css-transform-to-mat4/-/css-transform-to-mat4-1.0.4.tgz",
      "integrity": "sha1-QcsdCvcH8twLHja/B6HII+MGAqg=",
      "requires": {
        "gl-mat4": "^1.1.3"
      }
    },
    "d3-path": {
      "version": "1.0.9",
      "resolved": "https://registry.npmjs.org/d3-path/-/d3-path-1.0.9.tgz",
      "integrity": "sha512-VLaYcn81dtHVTjEHd8B+pbe9yHWpXKZUC87PzoFmsFrJqgFwDe/qxfp5MlfsfM1V5E/iVt0MmEbWQ7FVIXh/bg==",
      "dev": true
    },
    "dateformat": {
      "version": "3.0.3",
      "resolved": "https://registry.npmjs.org/dateformat/-/dateformat-3.0.3.tgz",
      "integrity": "sha512-jyCETtSl3VMZMWeRo7iY1FL19ges1t55hMo5yaam4Jrsm5EPL89UQkoQRyiI+Yf4k8r2ZpdngkV8hr1lIdjb3Q=="
    },
    "deep-equal": {
      "version": "1.1.1",
      "resolved": "https://registry.npmjs.org/deep-equal/-/deep-equal-1.1.1.tgz",
      "integrity": "sha512-yd9c5AdiqVcR+JjcwUQb9DkhJc8ngNr0MahEBGvDiJw8puWab2yZlh+nkasOnZP+EGTAP6rRp2JzJhJZzvNF8g==",
      "requires": {
        "is-arguments": "^1.0.4",
        "is-date-object": "^1.0.1",
        "is-regex": "^1.0.4",
        "object-is": "^1.0.1",
        "object-keys": "^1.1.1",
        "regexp.prototype.flags": "^1.2.0"
      }
    },
    "define-properties": {
      "version": "1.1.3",
      "resolved": "https://registry.npmjs.org/define-properties/-/define-properties-1.1.3.tgz",
      "integrity": "sha512-3MqfYKj2lLzdMSf8ZIZE/V+Zuy+BgD6f164e8K2w7dgnpKArBDerGYpM46IYYcjnkdPNMjPk9A6VFB8+3SKlXQ==",
      "requires": {
        "object-keys": "^1.0.12"
      }
    },
    "defined": {
      "version": "1.0.0",
      "resolved": "https://registry.npmjs.org/defined/-/defined-1.0.0.tgz",
      "integrity": "sha1-yY2bzvdWdBiOEQlpFRGZ45sfppM="
    },
    "float-hsl2rgb": {
      "version": "1.0.2",
      "resolved": "https://registry.npmjs.org/float-hsl2rgb/-/float-hsl2rgb-1.0.2.tgz",
      "integrity": "sha1-7PNQnECsZWfJaiBGIrDExL9DyKE=",
      "dev": true
    },
    "float-rgb2hsl": {
      "version": "1.0.1",
      "resolved": "https://registry.npmjs.org/float-rgb2hsl/-/float-rgb2hsl-1.0.1.tgz",
      "integrity": "sha1-jv6qD8cm5TNjp5vz9jYIIFXBDA4=",
      "dev": true
    },
    "function-bind": {
      "version": "1.1.1",
      "resolved": "https://registry.npmjs.org/function-bind/-/function-bind-1.1.1.tgz",
      "integrity": "sha512-yIovAzMX49sF8Yl58fSCWJ5svSLuaibPxXQJFLmBObTuCr0Mf1KiPopGM9NiFjiYBCbfaa2Fh6breQ6ANVTI0A=="
    },
    "get-canvas-context": {
      "version": "1.0.2",
      "resolved": "https://registry.npmjs.org/get-canvas-context/-/get-canvas-context-1.0.2.tgz",
      "integrity": "sha1-1ue1C8TkyGNXzTnyJkeoS3NgHpM="
    },
    "get-intrinsic": {
      "version": "1.1.0",
      "resolved": "https://registry.npmjs.org/get-intrinsic/-/get-intrinsic-1.1.0.tgz",
      "integrity": "sha512-M11rgtQp5GZMZzDL7jLTNxbDfurpzuau5uqRWDPvlHjfvg3TdScAZo96GLvhMjImrmR8uAt0FS2RLoMrfWGKlg==",
      "requires": {
        "function-bind": "^1.1.1",
        "has": "^1.0.3",
        "has-symbols": "^1.0.1"
      }
    },
    "gl-mat4": {
      "version": "1.2.0",
      "resolved": "https://registry.npmjs.org/gl-mat4/-/gl-mat4-1.2.0.tgz",
      "integrity": "sha512-sT5C0pwB1/e9G9AvAoLsoaJtbMGjfd/jfxo8jMCKqYYEnjZuFvqV5rehqar0538EmssjdDeiEWnKyBSTw7quoA=="
    },
    "gl-matrix": {
      "version": "3.3.0",
      "resolved": "https://registry.npmjs.org/gl-matrix/-/gl-matrix-3.3.0.tgz",
      "integrity": "sha512-COb7LDz+SXaHtl/h4LeaFcNdJdAQSDeVqjiIihSXNrkWObZLhDI4hIkZC11Aeqp7bcE72clzB0BnDXr2SmslRA=="
    },
    "has": {
      "version": "1.0.3",
      "resolved": "https://registry.npmjs.org/has/-/has-1.0.3.tgz",
      "integrity": "sha512-f2dvO0VU6Oej7RkWJGrehjbzMAjFp5/VKPp5tTpWIV4JHHZK1/BxbFRtf/siA2SWTe09caDmVtYYzWEIbBS4zw==",
      "requires": {
        "function-bind": "^1.1.1"
      }
    },
    "has-symbols": {
      "version": "1.0.1",
      "resolved": "https://registry.npmjs.org/has-symbols/-/has-symbols-1.0.1.tgz",
      "integrity": "sha512-PLcsoqu++dmEIZB+6totNFKq/7Do+Z0u4oT0zKOJNl3lYK6vGwwu2hjHs+68OEZbTjiUE9bgOABXbP/GvrS0Kg=="
    },
    "is-arguments": {
      "version": "1.1.0",
      "resolved": "https://registry.npmjs.org/is-arguments/-/is-arguments-1.1.0.tgz",
      "integrity": "sha512-1Ij4lOMPl/xB5kBDn7I+b2ttPMKa8szhEIrXDuXQD/oe3HJLTLhqhgGspwgyGd6MOywBUqVvYicF72lkgDnIHg==",
      "requires": {
        "call-bind": "^1.0.0"
      }
    },
    "is-class": {
      "version": "0.0.5",
      "resolved": "https://registry.npmjs.org/is-class/-/is-class-0.0.5.tgz",
      "integrity": "sha512-jOquneoRNrqbpDgh4hKicrMcGIl7jopvIJaWI+LyDVRzZrQy819qBaYSofOyUMTo/x5Jelvs8G5v/ptdySWy6A=="
    },
    "is-date-object": {
      "version": "1.0.2",
      "resolved": "https://registry.npmjs.org/is-date-object/-/is-date-object-1.0.2.tgz",
      "integrity": "sha512-USlDT524woQ08aoZFzh3/Z6ch9Y/EWXEHQ/AaRN0SkKq4t2Jw2R2339tSXmwuVoY7LLlBCbOIlx2myP/L5zk0g=="
    },
    "is-dom": {
      "version": "1.1.0",
      "resolved": "https://registry.npmjs.org/is-dom/-/is-dom-1.1.0.tgz",
      "integrity": "sha512-u82f6mvhYxRPKpw8V1N0W8ce1xXwOrQtgGcxl6UCL5zBmZu3is/18K0rR7uFCnMDuAsS/3W54mGL4vsaFUQlEQ==",
      "requires": {
        "is-object": "^1.0.1",
        "is-window": "^1.0.2"
      }
    },
    "is-object": {
      "version": "1.0.2",
      "resolved": "https://registry.npmjs.org/is-object/-/is-object-1.0.2.tgz",
      "integrity": "sha512-2rRIahhZr2UWb45fIOuvZGpFtz0TyOZLf32KxBbSoUCeZR495zCKlWUKKUByk3geS2eAs7ZAABt0Y/Rx0GiQGA=="
    },
    "is-promise": {
      "version": "2.2.2",
      "resolved": "https://registry.npmjs.org/is-promise/-/is-promise-2.2.2.tgz",
      "integrity": "sha512-+lP4/6lKUBfQjZ2pdxThZvLUAafmZb8OAxFb8XXtiQmS35INgr85hdOGoEs124ez1FCnZJt6jau/T+alh58QFQ=="
    },
    "is-regex": {
      "version": "1.1.1",
      "resolved": "https://registry.npmjs.org/is-regex/-/is-regex-1.1.1.tgz",
      "integrity": "sha512-1+QkEcxiLlB7VEyFtyBg94e08OAsvq7FUBgApTq/w2ymCLyKJgDPsybBENVtA7XCQEgEXxKPonG+mvYRxh/LIg==",
      "requires": {
        "has-symbols": "^1.0.1"
      }
    },
    "is-window": {
      "version": "1.0.2",
      "resolved": "https://registry.npmjs.org/is-window/-/is-window-1.0.2.tgz",
      "integrity": "sha1-LIlspT25feRdPDMTOmXYyfVjSA0="
    },
    "lineclip": {
      "version": "1.1.5",
      "resolved": "https://registry.npmjs.org/lineclip/-/lineclip-1.1.5.tgz",
      "integrity": "sha1-K/JgZ9lDVP6r+R5CdoI221YW/RM=",
      "dev": true
    },
    "mat4-css-parse": {
      "version": "1.0.3",
      "resolved": "https://registry.npmjs.org/mat4-css-parse/-/mat4-css-parse-1.0.3.tgz",
      "integrity": "sha1-M+7GqOf8vW9E0IQCV/4+wl2cr8k="
    },
    "normalize-svg-path": {
      "version": "1.1.0",
      "resolved": "https://registry.npmjs.org/normalize-svg-path/-/normalize-svg-path-1.1.0.tgz",
      "integrity": "sha512-r9KHKG2UUeB5LoTouwDzBy2VxXlHsiM6fyLQvnJa0S5hrhzqElH/CH7TUGhT1fVvIYBIKf3OpY4YJ4CK+iaqHg==",
      "dev": true,
      "requires": {
        "svg-arc-to-cubic-bezier": "^3.0.0"
      }
    },
    "object-assign": {
      "version": "4.1.1",
      "resolved": "https://registry.npmjs.org/object-assign/-/object-assign-4.1.1.tgz",
      "integrity": "sha1-IQmtx5ZYh8/AXLvUQsrIv7s2CGM="
    },
    "object-is": {
      "version": "1.1.4",
      "resolved": "https://registry.npmjs.org/object-is/-/object-is-1.1.4.tgz",
      "integrity": "sha512-1ZvAZ4wlF7IyPVOcE1Omikt7UpaFlOQq0HlSti+ZvDH3UiD2brwGMwDbyV43jao2bKJ+4+WdPJHSd7kgzKYVqg==",
      "requires": {
        "call-bind": "^1.0.0",
        "define-properties": "^1.1.3"
      }
    },
    "object-keys": {
      "version": "1.1.1",
      "resolved": "https://registry.npmjs.org/object-keys/-/object-keys-1.1.1.tgz",
      "integrity": "sha512-NuAESUOUMrlIXOfHKzD6bpPu3tYt3xvjNdRIQ+FeT0lNb4K8WR70CaDxhuNguS2XG+GjkyMwOzsN5ZktImfhLA=="
    },
    "pad-left": {
      "version": "2.1.0",
      "resolved": "https://registry.npmjs.org/pad-left/-/pad-left-2.1.0.tgz",
      "integrity": "sha1-FuajstRKjhOMsIOMx8tAOk/J6ZQ=",
      "requires": {
        "repeat-string": "^1.5.4"
      }
    },
    "parse-color": {
      "version": "1.0.0",
      "resolved": "https://registry.npmjs.org/parse-color/-/parse-color-1.0.0.tgz",
      "integrity": "sha1-e3SLlag/A/FqlPU15S1/PZRlhhk=",
      "dev": true,
      "requires": {
        "color-convert": "~0.5.0"
      }
    },
    "parse-svg-path": {
      "version": "0.1.2",
      "resolved": "https://registry.npmjs.org/parse-svg-path/-/parse-svg-path-0.1.2.tgz",
      "integrity": "sha1-en7A0esG+lMlx9PgCbhZoJtdSes="
    },
    "primitive-quad": {
      "version": "2.0.0",
      "resolved": "https://registry.npmjs.org/primitive-quad/-/primitive-quad-2.0.0.tgz",
      "integrity": "sha1-wgmT5PlgAjiSa7UA5SkFMEPvius=",
      "dev": true
    },
    "regexp.prototype.flags": {
      "version": "1.3.1",
      "resolved": "https://registry.npmjs.org/regexp.prototype.flags/-/regexp.prototype.flags-1.3.1.tgz",
      "integrity": "sha512-JiBdRBq91WlY7uRJ0ds7R+dU02i6LKi8r3BuQhNXn+kmeLN+EfHhfjqMRis1zJxnlu88hq/4dx0P2OP3APRTOA==",
      "requires": {
        "call-bind": "^1.0.2",
        "define-properties": "^1.1.3"
      }
    },
    "regl": {
      "version": "1.7.0",
      "resolved": "https://registry.npmjs.org/regl/-/regl-1.7.0.tgz",
      "integrity": "sha512-bEAtp/qrtKucxXSJkD4ebopFZYP0q1+3Vb2WECWv/T8yQEgKxDxJ7ztO285tAMaYZVR6mM1GgI6CCn8FROtL1w==",
      "dev": true
    },
    "repeat-string": {
      "version": "1.6.1",
      "resolved": "https://registry.npmjs.org/repeat-string/-/repeat-string-1.6.1.tgz",
      "integrity": "sha1-jcrkcOHIirwtYA//Sndihtp15jc="
    },
    "right-now": {
      "version": "1.0.0",
      "resolved": "https://registry.npmjs.org/right-now/-/right-now-1.0.0.tgz",
      "integrity": "sha1-bolgne69fc2vja7Mmuo5z1haCRg="
    },
    "seed-random": {
      "version": "2.2.0",
      "resolved": "https://registry.npmjs.org/seed-random/-/seed-random-2.2.0.tgz",
      "integrity": "sha1-KpsZ4lCoFwmSMaW5mk2vgLf77VQ=",
      "dev": true
    },
    "shady-css-parser": {
      "version": "0.1.0",
      "resolved": "https://registry.npmjs.org/shady-css-parser/-/shady-css-parser-0.1.0.tgz",
      "integrity": "sha512-irfJUUkEuDlNHKZNAp2r7zOyMlmbfVJ+kWSfjlCYYUx/7dJnANLCyTzQZsuxy5NJkvtNwSxY5Gj8MOlqXUQPyA=="
    },
    "simple-input-events": {
      "version": "2.0.0",
      "resolved": "https://registry.npmjs.org/simple-input-events/-/simple-input-events-2.0.0.tgz",
      "integrity": "sha512-eNIuS0xk5ZKLC+KESnPwurM7UForG/PdoNKHW+BCF+WFeie8z4m/8h4SGRsObxO8miOqgZhgVw4TKBKfWslvCQ==",
      "dev": true
    },
    "simplex-noise": {
      "version": "2.4.0",
      "resolved": "https://registry.npmjs.org/simplex-noise/-/simplex-noise-2.4.0.tgz",
      "integrity": "sha512-OjyDWm/QZjVbMrPxDVi9b2as+SeNn9EBXlrWVRlFW+TSyWMSXouDryXkQN0vf5YP+QZKobrmkvx1eQYPLtuqfw==",
      "dev": true
    },
    "svg-arc-to-cubic-bezier": {
      "version": "3.2.0",
      "resolved": "https://registry.npmjs.org/svg-arc-to-cubic-bezier/-/svg-arc-to-cubic-bezier-3.2.0.tgz",
      "integrity": "sha512-djbJ/vZKZO+gPoSDThGNpKDO+o+bAeA4XQKovvkNCqnIS2t+S4qnLAGQhyyrulhCFRl1WWzAp0wUDV8PpTVU3g==",
      "dev": true
    },
    "svg-parser": {
      "version": "2.0.4",
      "resolved": "https://registry.npmjs.org/svg-parser/-/svg-parser-2.0.4.tgz",
      "integrity": "sha512-e4hG1hRwoOdRb37cIMSgzNsxyzKfayW6VOflrwvR+/bzrkyxY/31WkbgnQpgtrNp1SdpJvpUAGTa/ZoiPNDuRQ=="
    },
    "svg-path-contours": {
      "version": "2.0.0",
      "resolved": "https://registry.npmjs.org/svg-path-contours/-/svg-path-contours-2.0.0.tgz",
      "integrity": "sha1-x2oSlCnbBette2Hk0cWNEUqJOKI=",
      "dev": true,
      "requires": {
        "abs-svg-path": "^0.1.1",
        "adaptive-bezier-curve": "^1.0.3",
        "normalize-svg-path": "^0.1.0",
        "vec2-copy": "^1.0.0"
      },
      "dependencies": {
        "normalize-svg-path": {
          "version": "0.1.0",
          "resolved": "https://registry.npmjs.org/normalize-svg-path/-/normalize-svg-path-0.1.0.tgz",
          "integrity": "sha1-RWNg5g7Odfvve11+FgSA5//Rb+U=",
          "dev": true
        }
      }
    },
    "tiny-css-parser": {
      "version": "0.10.0",
      "resolved": "https://registry.npmjs.org/tiny-css-parser/-/tiny-css-parser-0.10.0.tgz",
      "integrity": "sha512-FrTMb1e6pNklvCJom7Vjq+2ZxvgoNWO+wORVvqvr25L4UoDGc/ztG7Mp2kAJ+OVy2p+N+Xr00UEOBNO9C9IHpA=="
    },
    "vec2-copy": {
      "version": "1.0.0",
      "resolved": "https://registry.npmjs.org/vec2-copy/-/vec2-copy-1.0.0.tgz",
      "integrity": "sha1-xu7B2NrVRiUZTl9x+EM7YtLyCno=",
      "dev": true
    }
  }
}
